
Microsoft Visual Studio Solution File, Format Version 12.00
# Visual Studio 15
VisualStudioVersion = 15.0.28010.2016
MinimumVisualStudioVersion = 10.0.40219.1
Project("{9A19103F-16F7-4668-BE54-9A1E7A4F7556}") = "RPGHelper.Web", "RPGHelper.Web\RPGHelper.Web.csproj", "{605C7A3E-E77F-449C-AF92-A132911D3AB6}"
EndProject
Project("{FAE04EC0-301F-11D3-BF4B-00C04F79EFBC}") = "RPGHelper.Models", "RPGHelper.Models\RPGHelper.Models.csproj", "{F9E6248E-2746-4AD0-B52F-EEFF99AC81B4}"
EndProject
Project("{FAE04EC0-301F-11D3-BF4B-00C04F79EFBC}") = "RPGHelper.Core", "RPGHelper.Core\RPGHelper.Core.csproj", "{5A9732CD-1AAB-4912-94DE-505A67D6BF3F}"
EndProject
Project("{FAE04EC0-301F-11D3-BF4B-00C04F79EFBC}") = "RPGHelper.Services", "RPGHelper.Services\RPGHelper.Services.csproj", "{8C227938-6B23-4CB6-A1AD-FD48F68A1634}"
EndProject
Global
	GlobalSection(SolutionConfigurationPlatforms) = preSolution
		Debug|Any CPU = Debug|Any CPU
		Release|Any CPU = Release|Any CPU
	EndGlobalSection
	GlobalSection(ProjectConfigurationPlatforms) = postSolution
		{605C7A3E-E77F-449C-AF92-A132911D3AB6}.Debug|Any CPU.ActiveCfg = Debug|Any CPU
		{605C7A3E-E77F-449C-AF92-A132911D3AB6}.Debug|Any CPU.Build.0 = Debug|Any CPU
		{605C7A3E-E77F-449C-AF92-A132911D3AB6}.Release|Any CPU.ActiveCfg = Release|Any CPU
		{605C7A3E-E77F-449C-AF92-A132911D3AB6}.Release|Any CPU.Build.0 = Release|Any CPU
		{F9E6248E-2746-4AD0-B52F-EEFF99AC81B4}.Debug|Any CPU.ActiveCfg = Debug|Any CPU
		{F9E6248E-2746-4AD0-B52F-EEFF99AC81B4}.Debug|Any CPU.Build.0 = Debug|Any CPU
		{F9E6248E-2746-4AD0-B52F-EEFF99AC81B4}.Release|Any CPU.ActiveCfg = Release|Any CPU
		{F9E6248E-2746-4AD0-B52F-EEFF99AC81B4}.Release|Any CPU.Build.0 = Release|Any CPU
		{5A9732CD-1AAB-4912-94DE-505A67D6BF3F}.Debug|Any CPU.ActiveCfg = Debug|Any CPU
		{5A9732CD-1AAB-4912-94DE-505A67D6BF3F}.Debug|Any CPU.Build.0 = Debug|Any CPU
		{5A9732CD-1AAB-4912-94DE-505A67D6BF3F}.Release|Any CPU.ActiveCfg = Release|Any CPU
		{5A9732CD-1AAB-4912-94DE-505A67D6BF3F}.Release|Any CPU.Build.0 = Release|Any CPU
		{8C227938-6B23-4CB6-A1AD-FD48F68A1634}.Debug|Any CPU.ActiveCfg = Debug|Any CPU
		{8C227938-6B23-4CB6-A1AD-FD48F68A1634}.Debug|Any CPU.Build.0 = Debug|Any CPU
		{8C227938-6B23-4CB6-A1AD-FD48F68A1634}.Release|Any CPU.ActiveCfg = Release|Any CPU
		{8C227938-6B23-4CB6-A1AD-FD48F68A1634}.Release|Any CPU.Build.0 = Release|Any CPU
	EndGlobalSection
	GlobalSection(SolutionProperties) = preSolution
		HideSolutionNode = FALSE
	EndGlobalSection
	GlobalSection(ExtensibilityGlobals) = postSolution
		SolutionGuid = {75D8E92A-4142-4584-9506-A51063C60DB2}
	EndGlobalSection
EndGlobal
